
Microsoft Visual Studio Solution File, Format Version 12.00
# Visual Studio Version 17
VisualStudioVersion = 17.7.34024.191
MinimumVisualStudioVersion = 10.0.40219.1
Project("{FAE04EC0-301F-11D3-BF4B-00C04F79EFBC}") = "Prj_JDOV_IDistributedCacheMVCApp", "Prj_JDOV_IDistributedCacheMVCApp\Prj_JDOV_IDistributedCacheMVCApp.csproj", "{4761D895-5C2D-4F92-B397-3FFF6E7BA406}"
EndProject
Project("{FAE04EC0-301F-11D3-BF4B-00C04F79EFBC}") = "Prj_JDOV_IMemoryCacheMVCApp", "Prj_JDOV_IMemoryCacheMVCApp\Prj_JDOV_IMemoryCacheMVCApp.csproj", "{6E26704E-E652-4CC8-9EEE-955663C4E768}"
EndProject
Global
	GlobalSection(SolutionConfigurationPlatforms) = preSolution
		Debug|Any CPU = Debug|Any CPU
		Release|Any CPU = Release|Any CPU
	EndGlobalSection
	GlobalSection(ProjectConfigurationPlatforms) = postSolution
		{4761D895-5C2D-4F92-B397-3FFF6E7BA406}.Debug|Any CPU.ActiveCfg = Debug|Any CPU
		{4761D895-5C2D-4F92-B397-3FFF6E7BA406}.Debug|Any CPU.Build.0 = Debug|Any CPU
		{4761D895-5C2D-4F92-B397-3FFF6E7BA406}.Release|Any CPU.ActiveCfg = Release|Any CPU
		{4761D895-5C2D-4F92-B397-3FFF6E7BA406}.Release|Any CPU.Build.0 = Release|Any CPU
		{6E26704E-E652-4CC8-9EEE-955663C4E768}.Debug|Any CPU.ActiveCfg = Debug|Any CPU
		{6E26704E-E652-4CC8-9EEE-955663C4E768}.Debug|Any CPU.Build.0 = Debug|Any CPU
		{6E26704E-E652-4CC8-9EEE-955663C4E768}.Release|Any CPU.ActiveCfg = Release|Any CPU
		{6E26704E-E652-4CC8-9EEE-955663C4E768}.Release|Any CPU.Build.0 = Release|Any CPU
	EndGlobalSection
	GlobalSection(SolutionProperties) = preSolution
		HideSolutionNode = FALSE
	EndGlobalSection
	GlobalSection(ExtensibilityGlobals) = postSolution
		SolutionGuid = {59451BB9-1682-4FC5-A092-52EDDF36DF3D}
	EndGlobalSection
EndGlobal
